
Microsoft Visual Studio Solution File, Format Version 12.00
# Visual Studio Version 17
VisualStudioVersion = 17.7.34031.279
MinimumVisualStudioVersion = 10.0.40219.1
Project("{FAE04EC0-301F-11D3-BF4B-00C04F79EFBC}") = "First", "First\First.csproj", "{042CE40C-3D3A-4A74-8E25-194D1DF96F9A}"
EndProject
Global
	GlobalSection(SolutionConfigurationPlatforms) = preSolution
		Debug|Any CPU = Debug|Any CPU
		Release|Any CPU = Release|Any CPU
	EndGlobalSection
	GlobalSection(ProjectConfigurationPlatforms) = postSolution
		{042CE40C-3D3A-4A74-8E25-194D1DF96F9A}.Debug|Any CPU.ActiveCfg = Debug|Any CPU
		{042CE40C-3D3A-4A74-8E25-194D1DF96F9A}.Debug|Any CPU.Build.0 = Debug|Any CPU
		{042CE40C-3D3A-4A74-8E25-194D1DF96F9A}.Release|Any CPU.ActiveCfg = Release|Any CPU
		{042CE40C-3D3A-4A74-8E25-194D1DF96F9A}.Release|Any CPU.Build.0 = Release|Any CPU
	EndGlobalSection
	GlobalSection(SolutionProperties) = preSolution
		HideSolutionNode = FALSE
	EndGlobalSection
	GlobalSection(ExtensibilityGlobals) = postSolution
		SolutionGuid = {41516C6A-003F-4581-9D66-52DE104DC519}
	EndGlobalSection
EndGlobal
